<Project xmlns="http://schemas.microsoft.com/developer/msbuild/2003">
    <PropertyGroup>
        <ProjectGuid>{81D7CD34-5840-40DE-878D-C9C7B9C56110}</ProjectGuid>
        <MainSource>ScopedAndOwnedHorse.dpr</MainSource>
        <Base>True</Base>
        <Config Condition="'$(Config)'==''">Debug</Config>
        <TargetedPlatforms>3</TargetedPlatforms>
        <AppType>Console</AppType>
        <FrameworkType>None</FrameworkType>
        <ProjectVersion>20.5</ProjectVersion>
        <Platform Condition="'$(Platform)'==''">Win64</Platform>
        <ProjectName Condition="'$(ProjectName)'==''">ScopedAndOwnedHorse</ProjectName>
    </PropertyGroup>
    <!-- HORSE_DIR: the folder of Horse (https://github.com/HashLoad/horse), the one that contains
         its "src" folder. It is the only dependency of this sample besides QuickLib.
         An environment variable HORSE_DIR overrides the default below: define it in the IDE under
         Tools > Options > IDE > Environment Variables > User System Overrides (Delphi 10.x: Tools >
         Options > Environment Options > Environment Variables), or pass /p:HORSE_DIR=... to msbuild.
         Default: the "modules\horse" folder that "boss install" creates next to this project. -->
    <PropertyGroup>
        <HORSE_DIR Condition="'$(HORSE_DIR)'==''">modules\horse</HORSE_DIR>
    </PropertyGroup>
    <PropertyGroup Condition="'$(Config)'=='Base' or '$(Base)'!=''">
        <Base>true</Base>
    </PropertyGroup>
    <PropertyGroup Condition="'$(Config)'=='Debug' or '$(Cfg_1)'!=''">
        <Cfg_1>true</Cfg_1>
        <CfgParent>Base</CfgParent>
        <Base>true</Base>
    </PropertyGroup>
    <PropertyGroup Condition="'$(Base)'!=''">
        <SanitizedProjectName>ScopedAndOwnedHorse</SanitizedProjectName>
        <DCC_Namespace>System;Xml;Data;Datasnap;Web;Soap;Winapi;System.Win;$(DCC_Namespace)</DCC_Namespace>
        <!-- ..\Common: the model shared with the VCL sample; ..\..\..\..\..: QuickLib's root (Quick.IOC) -->
        <DCC_UnitSearchPath>..\Common;..\..\..\..\..;$(HORSE_DIR)\src;$(DCC_UnitSearchPath)</DCC_UnitSearchPath>
        <DCC_ExeOutput>.\$(Platform)\$(Config)</DCC_ExeOutput>
        <DCC_DcuOutput>.\$(Platform)\$(Config)\dcu</DCC_DcuOutput>
    </PropertyGroup>
    <PropertyGroup Condition="'$(Cfg_1)'!=''">
        <DCC_Define>DEBUG;$(DCC_Define)</DCC_Define>
        <DCC_Optimize>false</DCC_Optimize>
    </PropertyGroup>
    <ItemGroup>
        <DelphiCompile Include="$(MainSource)">
            <MainSource>MainSource</MainSource>
        </DelphiCompile>
        <DCCReference Include="..\Common\ScopedAndOwned.Model.pas"/>
        <DCCReference Include="..\Common\ScopedAndOwned.Registration.pas"/>
        <DCCReference Include="ScopedAndOwned.ScopePerRequest.pas"/>
        <DCCReference Include="ScopedAndOwned.Routes.pas"/>
        <BuildConfiguration Include="Base">
            <Key>Base</Key>
        </BuildConfiguration>
        <BuildConfiguration Include="Debug">
            <Key>Cfg_1</Key>
            <CfgParent>Base</CfgParent>
        </BuildConfiguration>
    </ItemGroup>
    <ProjectExtensions>
        <Borland.Personality>Delphi.Personality.12</Borland.Personality>
        <Borland.ProjectType>Application</Borland.ProjectType>
        <BorlandProject>
            <Delphi.Personality>
                <Source>
                    <Source Name="MainSource">ScopedAndOwnedHorse.dpr</Source>
                </Source>
            </Delphi.Personality>
            <Platforms>
                <Platform value="Win32">True</Platform>
                <Platform value="Win64">True</Platform>
            </Platforms>
        </BorlandProject>
        <ProjectFileVersion>12</ProjectFileVersion>
    </ProjectExtensions>
    <Import Project="$(BDS)\Bin\CodeGear.Delphi.Targets" Condition="Exists('$(BDS)\Bin\CodeGear.Delphi.Targets')"/>
    <Import Project="$(APPDATA)\Embarcadero\$(BDSAPPDATABASEDIR)\$(PRODUCTVERSION)\UserTools.proj" Condition="Exists('$(APPDATA)\Embarcadero\$(BDSAPPDATABASEDIR)\$(PRODUCTVERSION)\UserTools.proj')"/>
</Project>
